{
  "requires": true,
  "lockfileVersion": 1,
  "dependencies": {
    "jsdoc-json": {
      "version": "2.0.2",
      "resolved": "https://registry.npmjs.org/jsdoc-json/-/jsdoc-json-2.0.2.tgz",
      "integrity": "sha512-n0vVkWvBMHFNUsW6HUhMrVCk+nJZwW3kpd9/JiCgdYvjjZV3NcP5fV3+lTgOkOA/bTKJxbCKT8Au92FHII3pnA=="
    }
  }
}
